
Microsoft Visual Studio Solution File, Format Version 12.00
# Visual Studio Version 16
VisualStudioVersion = 16.0.29806.167
MinimumVisualStudioVersion = 10.0.40219.1
Project("{2150E333-8FDC-42A3-9474-1A3956D46DE8}") = "01.Core", "01.Core", "{EABA194F-D20F-4BCD-A772-8B224B88CA18}"
EndProject
Project("{9A19103F-16F7-4668-BE54-9A1E7A4F7556}") = "Divar.Core.Domain", "Divar.Core.Domain\Divar.Core.Domain.csproj", "{7A4359D4-74DF-498E-A463-578099E5C5EF}"
EndProject
Project("{2150E333-8FDC-42A3-9474-1A3956D46DE8}") = "00.Framework", "00.Framework", "{4EFFAD04-9301-44E7-8991-8DD69D7D3848}"
EndProject
Project("{9A19103F-16F7-4668-BE54-9A1E7A4F7556}") = "Divar.Framework.Domain", "Divar.Framework.Domain\Divar.Framework.Domain.csproj", "{9D1E5BE5-3943-4457-A1D1-C3D89311F1DB}"
EndProject
Project("{9A19103F-16F7-4668-BE54-9A1E7A4F7556}") = "Divar.Framework.Tools", "Divar.Framework.Tools\Divar.Framework.Tools.csproj", "{9645E245-72A4-4AD3-B52D-08AA96E5DD05}"
EndProject
Project("{2150E333-8FDC-42A3-9474-1A3956D46DE8}") = "02.Infrastructures", "02.Infrastructures", "{BECDA442-D694-4B57-B113-206AE944072A}"
EndProject
Project("{2150E333-8FDC-42A3-9474-1A3956D46DE8}") = "03.EndPoints", "03.EndPoints", "{83A94F47-48D7-48E6-9D50-27B498B46AF8}"
EndProject
Project("{FAE04EC0-301F-11D3-BF4B-00C04F79EFBC}") = "Divar.Core.ApplicationService", "Divar.Core.ApplicationService\Divar.Core.ApplicationService.csproj", "{2106DB76-C221-484A-B560-43D633EF3C40}"
EndProject
Project("{2150E333-8FDC-42A3-9474-1A3956D46DE8}") = "Data", "Data", "{EFCBA546-EE68-4315-8EFF-C318BDDF6CBB}"
EndProject
Project("{FAE04EC0-301F-11D3-BF4B-00C04F79EFBC}") = "Divar.Infrastructures.Data.Fake", "Divar.Infrastructures.Data.Fake\Divar.Infrastructures.Data.Fake.csproj", "{BDAEDFB7-D300-4CBB-B95C-DC90906DD818}"
EndProject
Project("{FAE04EC0-301F-11D3-BF4B-00C04F79EFBC}") = "Divar.EndPoints.Api", "Divar.EndPoints.Api\Divar.EndPoints.Api.csproj", "{4E794C22-FC96-4FC2-B4D6-008283340C0E}"
EndProject
Project("{FAE04EC0-301F-11D3-BF4B-00C04F79EFBC}") = "Divar.Infrastructures.Data.SqlServer", "Divar.Infrastructures.Data.SqlServer\Divar.Infrastructures.Data.SqlServer.csproj", "{E65BB94F-5455-464B-9185-C84B22F0B22B}"
EndProject
Project("{FAE04EC0-301F-11D3-BF4B-00C04F79EFBC}") = "Divar.Core.Commands", "Divar.Core.Commands\Divar.Core.Commands.csproj", "{6C6457F8-083B-4F87-A776-72397671A57B}"
EndProject
Project("{FAE04EC0-301F-11D3-BF4B-00C04F79EFBC}") = "Divar.Core.Queries", "Divar.Core.Queries\Divar.Core.Queries.csproj", "{5A111C07-ECC6-4212-9F3D-D7B80FC3C579}"
EndProject
Global
	GlobalSection(SolutionConfigurationPlatforms) = preSolution
		Debug|Any CPU = Debug|Any CPU
		Release|Any CPU = Release|Any CPU
	EndGlobalSection
	GlobalSection(ProjectConfigurationPlatforms) = postSolution
		{7A4359D4-74DF-498E-A463-578099E5C5EF}.Debug|Any CPU.ActiveCfg = Debug|Any CPU
		{7A4359D4-74DF-498E-A463-578099E5C5EF}.Debug|Any CPU.Build.0 = Debug|Any CPU
		{7A4359D4-74DF-498E-A463-578099E5C5EF}.Release|Any CPU.ActiveCfg = Release|Any CPU
		{7A4359D4-74DF-498E-A463-578099E5C5EF}.Release|Any CPU.Build.0 = Release|Any CPU
		{9D1E5BE5-3943-4457-A1D1-C3D89311F1DB}.Debug|Any CPU.ActiveCfg = Debug|Any CPU
		{9D1E5BE5-3943-4457-A1D1-C3D89311F1DB}.Debug|Any CPU.Build.0 = Debug|Any CPU
		{9D1E5BE5-3943-4457-A1D1-C3D89311F1DB}.Release|Any CPU.ActiveCfg = Release|Any CPU
		{9D1E5BE5-3943-4457-A1D1-C3D89311F1DB}.Release|Any CPU.Build.0 = Release|Any CPU
		{9645E245-72A4-4AD3-B52D-08AA96E5DD05}.Debug|Any CPU.ActiveCfg = Debug|Any CPU
		{9645E245-72A4-4AD3-B52D-08AA96E5DD05}.Debug|Any CPU.Build.0 = Debug|Any CPU
		{9645E245-72A4-4AD3-B52D-08AA96E5DD05}.Release|Any CPU.ActiveCfg = Release|Any CPU
		{9645E245-72A4-4AD3-B52D-08AA96E5DD05}.Release|Any CPU.Build.0 = Release|Any CPU
		{2106DB76-C221-484A-B560-43D633EF3C40}.Debug|Any CPU.ActiveCfg = Debug|Any CPU
		{2106DB76-C221-484A-B560-43D633EF3C40}.Debug|Any CPU.Build.0 = Debug|Any CPU
		{2106DB76-C221-484A-B560-43D633EF3C40}.Release|Any CPU.ActiveCfg = Release|Any CPU
		{2106DB76-C221-484A-B560-43D633EF3C40}.Release|Any CPU.Build.0 = Release|Any CPU
		{BDAEDFB7-D300-4CBB-B95C-DC90906DD818}.Debug|Any CPU.ActiveCfg = Debug|Any CPU
		{BDAEDFB7-D300-4CBB-B95C-DC90906DD818}.Debug|Any CPU.Build.0 = Debug|Any CPU
		{BDAEDFB7-D300-4CBB-B95C-DC90906DD818}.Release|Any CPU.ActiveCfg = Release|Any CPU
		{BDAEDFB7-D300-4CBB-B95C-DC90906DD818}.Release|Any CPU.Build.0 = Release|Any CPU
		{4E794C22-FC96-4FC2-B4D6-008283340C0E}.Debug|Any CPU.ActiveCfg = Debug|Any CPU
		{4E794C22-FC96-4FC2-B4D6-008283340C0E}.Debug|Any CPU.Build.0 = Debug|Any CPU
		{4E794C22-FC96-4FC2-B4D6-008283340C0E}.Release|Any CPU.ActiveCfg = Release|Any CPU
		{4E794C22-FC96-4FC2-B4D6-008283340C0E}.Release|Any CPU.Build.0 = Release|Any CPU
		{E65BB94F-5455-464B-9185-C84B22F0B22B}.Debug|Any CPU.ActiveCfg = Debug|Any CPU
		{E65BB94F-5455-464B-9185-C84B22F0B22B}.Debug|Any CPU.Build.0 = Debug|Any CPU
		{E65BB94F-5455-464B-9185-C84B22F0B22B}.Release|Any CPU.ActiveCfg = Release|Any CPU
		{E65BB94F-5455-464B-9185-C84B22F0B22B}.Release|Any CPU.Build.0 = Release|Any CPU
		{6C6457F8-083B-4F87-A776-72397671A57B}.Debug|Any CPU.ActiveCfg = Debug|Any CPU
		{6C6457F8-083B-4F87-A776-72397671A57B}.Debug|Any CPU.Build.0 = Debug|Any CPU
		{6C6457F8-083B-4F87-A776-72397671A57B}.Release|Any CPU.ActiveCfg = Release|Any CPU
		{6C6457F8-083B-4F87-A776-72397671A57B}.Release|Any CPU.Build.0 = Release|Any CPU
		{5A111C07-ECC6-4212-9F3D-D7B80FC3C579}.Debug|Any CPU.ActiveCfg = Debug|Any CPU
		{5A111C07-ECC6-4212-9F3D-D7B80FC3C579}.Debug|Any CPU.Build.0 = Debug|Any CPU
		{5A111C07-ECC6-4212-9F3D-D7B80FC3C579}.Release|Any CPU.ActiveCfg = Release|Any CPU
		{5A111C07-ECC6-4212-9F3D-D7B80FC3C579}.Release|Any CPU.Build.0 = Release|Any CPU
	EndGlobalSection
	GlobalSection(SolutionProperties) = preSolution
		HideSolutionNode = FALSE
	EndGlobalSection
	GlobalSection(NestedProjects) = preSolution
		{7A4359D4-74DF-498E-A463-578099E5C5EF} = {EABA194F-D20F-4BCD-A772-8B224B88CA18}
		{9D1E5BE5-3943-4457-A1D1-C3D89311F1DB} = {4EFFAD04-9301-44E7-8991-8DD69D7D3848}
		{9645E245-72A4-4AD3-B52D-08AA96E5DD05} = {4EFFAD04-9301-44E7-8991-8DD69D7D3848}
		{2106DB76-C221-484A-B560-43D633EF3C40} = {EABA194F-D20F-4BCD-A772-8B224B88CA18}
		{EFCBA546-EE68-4315-8EFF-C318BDDF6CBB} = {BECDA442-D694-4B57-B113-206AE944072A}
		{BDAEDFB7-D300-4CBB-B95C-DC90906DD818} = {EFCBA546-EE68-4315-8EFF-C318BDDF6CBB}
		{4E794C22-FC96-4FC2-B4D6-008283340C0E} = {83A94F47-48D7-48E6-9D50-27B498B46AF8}
		{E65BB94F-5455-464B-9185-C84B22F0B22B} = {EFCBA546-EE68-4315-8EFF-C318BDDF6CBB}
		{6C6457F8-083B-4F87-A776-72397671A57B} = {EABA194F-D20F-4BCD-A772-8B224B88CA18}
		{5A111C07-ECC6-4212-9F3D-D7B80FC3C579} = {EABA194F-D20F-4BCD-A772-8B224B88CA18}
	EndGlobalSection
	GlobalSection(ExtensibilityGlobals) = postSolution
		SolutionGuid = {D0280444-1461-4252-8138-0448E6066A5E}
	EndGlobalSection
EndGlobal
